<?xml version="1.0" encoding="utf-8"?>
<Project ToolsVersion="4.0" xmlns="http://schemas.microsoft.com/developer/msbuild/2003">
  <ItemGroup>
    <Filter Include="Source Files">
      <UniqueIdentifier>{4FC737F1-C7A5-4376-A066-2A32D752A2FF}</UniqueIdentifier>
      <Extensions>cpp;c;cc;cxx;def;odl;idl;hpj;bat;asm;asmx</Extensions>
    </Filter>
    <Filter Include="Header Files">
      <UniqueIdentifier>{93995380-89BD-4b04-88EB-625FBE52EBFB}</UniqueIdentifier>
      <Extensions>h;hh;hpp;hxx;hm;inl;inc;ipp;xsd</Extensions>
    </Filter>
    <Filter Include="Resource Files">
      <UniqueIdentifier>{67DA6AB6-F800-4c08-8B7A-83BB121AAD01}</UniqueIdentifier>
      <Extensions>rc;ico;cur;bmp;dlg;rc2;rct;bin;rgs;gif;jpg;jpeg;jpe;resx;tiff;tif;png;wav;mfcribbon-ms</Extensions>
    </Filter>
    <Filter Include="Header Files\N3SDK">
      <UniqueIdentifier>{ecb7c1b7-9901-41fb-81b4-c2ff5a02de76}</UniqueIdentifier>
    </Filter>
    <Filter Include="Header Files\Engine">
      <UniqueIdentifier>{baff0416-3c60-4721-8276-c1accc7e9b03}</UniqueIdentifier>
    </Filter>
    <Filter Include="Source Files\Engine">
      <UniqueIdentifier>{c9d3a34f-731f-48c5-be6b-09f1bdecd5a7}</UniqueIdentifier>
    </Filter>
    <Filter Include="Source Files\GUI">
      <UniqueIdentifier>{1bb522ae-a4eb-4893-bb92-d1d2986b57d8}</UniqueIdentifier>
    </Filter>
    <Filter Include="Header Files\imgui">
      <UniqueIdentifier>{da35f22d-86d1-4b2f-9766-605f98f5eb61}</UniqueIdentifier>
    </Filter>
    <Filter Include="Header Files\GUI">
      <UniqueIdentifier>{417c0b88-6531-4a41-b70f-e19f8efaf7ca}</UniqueIdentifier>
    </Filter>
    <Filter Include="Header Files\3rd">
      <UniqueIdentifier>{665c43ac-96f8-4605-b0e6-8471044bbb11}</UniqueIdentifier>
    </Filter>
    <Filter Include="Source Files\3rd">
      <UniqueIdentifier>{497a32aa-25fc-4ea7-9dfb-ccd75c11be57}</UniqueIdentifier>
    </Filter>
    <Filter Include="Header Files\GUI\MessageBox">
      <UniqueIdentifier>{3f656ec1-5e53-4bea-b789-49c75e71af43}</UniqueIdentifier>
    </Filter>
  </ItemGroup>
  <ItemGroup>
    <ClCompile Include="Pearl.cpp">
      <Filter>Source Files</Filter>
    </ClCompile>
    <ClCompile Include="Pearl Engine.cpp">
      <Filter>Source Files</Filter>
    </ClCompile>
    <ClCompile Include="PL_ProcessEvent.cpp">
      <Filter>Source Files\Engine</Filter>
    </ClCompile>
    <ClCompile Include="md5.cpp">
      <Filter>Source Files\Engine</Filter>
    </ClCompile>
    <ClCompile Include="PearlGui.cpp">
      <Filter>Source Files\GUI</Filter>
    </ClCompile>
    <ClCompile Include="imgui\imgui_demo.cpp">
      <Filter>Header Files\imgui</Filter>
    </ClCompile>
    <ClCompile Include="imgui\imgui_draw.cpp">
      <Filter>Header Files\imgui</Filter>
    </ClCompile>
    <ClCompile Include="imgui\imgui_impl_dx9.cpp">
      <Filter>Header Files\imgui</Filter>
    </ClCompile>
    <ClCompile Include="imgui\imgui_impl_win32.cpp">
      <Filter>Header Files\imgui</Filter>
    </ClCompile>
    <ClCompile Include="imgui\imgui_widgets.cpp">
      <Filter>Header Files\imgui</Filter>
    </ClCompile>
    <ClCompile Include="imgui\imgui.cpp">
      <Filter>Header Files\imgui</Filter>
    </ClCompile>
    <ClCompile Include="Splash.cpp">
      <Filter>Source Files\3rd</Filter>
    </ClCompile>
  </ItemGroup>
  <ItemGroup>
    <ClInclude Include="stdafx.h">
      <Filter>Header Files</Filter>
    </ClInclude>
    <ClInclude Include="Pearl Engine.h">
      <Filter>Header Files</Filter>
    </ClInclude>
    <ClInclude Include="Packet.h">
      <Filter>Header Files\N3SDK</Filter>
    </ClInclude>
    <ClInclude Include="ByteBuffer.h">
      <Filter>Header Files\N3SDK</Filter>
    </ClInclude>
    <ClInclude Include="types.h">
      <Filter>Header Files\N3SDK</Filter>
    </ClInclude>
    <ClInclude Include="PL_ProcessEvent.h">
      <Filter>Header Files\Engine</Filter>
    </ClInclude>
    <ClInclude Include="md5.h">
      <Filter>Header Files\Engine</Filter>
    </ClInclude>
    <ClInclude Include="imgui\imgui_impl_dx9.h">
      <Filter>Header Files\imgui</Filter>
    </ClInclude>
    <ClInclude Include="imgui\imgui_impl_win32.h">
      <Filter>Header Files\imgui</Filter>
    </ClInclude>
    <ClInclude Include="imgui\imgui_internal.h">
      <Filter>Header Files\imgui</Filter>
    </ClInclude>
    <ClInclude Include="imgui\imstb_rectpack.h">
      <Filter>Header Files\imgui</Filter>
    </ClInclude>
    <ClInclude Include="imgui\imstb_textedit.h">
      <Filter>Header Files\imgui</Filter>
    </ClInclude>
    <ClInclude Include="imgui\imstb_truetype.h">
      <Filter>Header Files\imgui</Filter>
    </ClInclude>
    <ClInclude Include="imgui\imconfig.h">
      <Filter>Header Files\imgui</Filter>
    </ClInclude>
    <ClInclude Include="imgui\imgui.h">
      <Filter>Header Files\imgui</Filter>
    </ClInclude>
    <ClInclude Include="PearlGui.h">
      <Filter>Header Files\GUI</Filter>
    </ClInclude>
    <ClInclude Include="UIBackground.h">
      <Filter>Header Files\GUI</Filter>
    </ClInclude>
    <ClInclude Include="UINoitem.h">
      <Filter>Header Files\GUI</Filter>
    </ClInclude>
    <ClInclude Include="Splash.h">
      <Filter>Header Files\3rd</Filter>
    </ClInclude>
    <ClInclude Include="resource.h">
      <Filter>Header Files</Filter>
    </ClInclude>
    <ClInclude Include="UITool.h">
      <Filter>Header Files\GUI</Filter>
    </ClInclude>
    <ClInclude Include="UpgradeImages.h">
      <Filter>Header Files\GUI</Filter>
    </ClInclude>
  </ItemGroup>
</Project>